# This file was autogenerated by Stack.
# You should not edit this file by hand.
# For more information, please see the documentation at:
#   https://docs.haskellstack.org/en/stable/lock_files

packages:
- completed:
    hackage: dynamic-pipeline-0.3.1.3@sha256:24f8b1891ee2c965c0a9c725435ed8c730427637fcb460ed77974701844a40f3,7690
    pantry-tree:
      size: 870
      sha256: b9bed030a09138b22cf2e610c3ff6851c320b0178a616e371ad5c423c9fb0ff0
  original:
    hackage: dynamic-pipeline-0.3.1.3
- completed:
    hackage: HList-0.5.0.0@sha256:7d7a0bee8d01a7e0e10bf96c5214a21bebae3ecfc02d14fc13bf75458b38ac43,7137
    pantry-tree:
      size: 5718
      sha256: 2881dd9fe6ee24dad62ecd68be6d98e834823d21b659f4ff0de87475e33371f1
  original:
    hackage: HList-0.5.0.0
snapshots:
- completed:
    size: 565715
    url: https://raw.githubusercontent.com/commercialhaskell/stackage-snapshots/master/lts/17/7.yaml
    sha256: 1b5e4124989399e60e7a7901f0cefd910beea546131fb07a13a7208c4cc8b7ee
  original:
    url: https://raw.githubusercontent.com/commercialhaskell/stackage-snapshots/master/lts/17/7.yaml
