# This file was autogenerated by Stack.
# You should not edit this file by hand.
# For more information, please see the documentation at:
#   https://docs.haskellstack.org/en/stable/lock_files

packages:
- completed:
    size: 27902
    url: https://github.com/jproyo/dynamic-pipeline/archive/ca1cf995c63e8572e57cad0e310bcc601255f7ef.tar.gz
    name: dynamic-pipeline
    version: 0.3.1.2
    sha256: 385fc286e810cfc7485d6a8dd71e947c56d22b43c121879abcf31b9f8a2ad261
    pantry-tree:
      size: 1726
      sha256: 84cbc6efa90a001ce84d58bf5fb6f480544d659af6d04ea0a10d3c87a77355e3
  original:
    url: https://github.com/jproyo/dynamic-pipeline/archive/ca1cf995c63e8572e57cad0e310bcc601255f7ef.tar.gz
- completed:
    hackage: HList-0.5.0.0@sha256:7d7a0bee8d01a7e0e10bf96c5214a21bebae3ecfc02d14fc13bf75458b38ac43,7137
    pantry-tree:
      size: 5718
      sha256: 2881dd9fe6ee24dad62ecd68be6d98e834823d21b659f4ff0de87475e33371f1
  original:
    hackage: HList-0.5.0.0
snapshots:
- completed:
    size: 565715
    url: https://raw.githubusercontent.com/commercialhaskell/stackage-snapshots/master/lts/17/7.yaml
    sha256: 1b5e4124989399e60e7a7901f0cefd910beea546131fb07a13a7208c4cc8b7ee
  original:
    url: https://raw.githubusercontent.com/commercialhaskell/stackage-snapshots/master/lts/17/7.yaml
